
Microsoft Visual Studio Solution File, Format Version 12.00
# Visual Studio Version 17
VisualStudioVersion = 17.0.31903.59
MinimumVisualStudioVersion = 10.0.40219.1
Project("{2150E333-8FDC-42A3-9474-1A3956D46DE8}") = "Application", "Application", "{5B7951E9-E543-4F53-AF51-3475E1F92797}"
EndProject
Project("{2150E333-8FDC-42A3-9474-1A3956D46DE8}") = "Domain", "Domain", "{8DE07CB2-289A-4361-BDBA-E0A9DA243BBA}"
EndProject
Project("{2150E333-8FDC-42A3-9474-1A3956D46DE8}") = "Infra", "Infra", "{FD84CBC0-5824-4B81-80D6-07C91A86581D}"
EndProject
Project("{9A19103F-16F7-4668-BE54-9A1E7A4F7556}") = "DDDExample.Api", "DDDExample.Application\DDDExample.Api.csproj", "{B47CDDA0-D45E-4086-833B-15CC7D6E8456}"
EndProject
Project("{9A19103F-16F7-4668-BE54-9A1E7A4F7556}") = "DDDExample.Domain", "DDDExample.Domain\DDDExample.Domain.csproj", "{8455FD44-AC75-4676-859A-78761A1CE0FE}"
EndProject
Project("{9A19103F-16F7-4668-BE54-9A1E7A4F7556}") = "DDDExample.Service", "DDDExample.Service\DDDExample.Service.csproj", "{94A59980-BD5B-4EDA-89B6-D5EAA4A80679}"
EndProject
Project("{2150E333-8FDC-42A3-9474-1A3956D46DE8}") = "Data", "Data", "{A5938749-5E35-4B64-ADBA-117C0460D247}"
EndProject
Project("{2150E333-8FDC-42A3-9474-1A3956D46DE8}") = "CrossCutting", "CrossCutting", "{A9719C10-62BB-46A8-90B3-D12ED69F5C60}"
EndProject
Project("{9A19103F-16F7-4668-BE54-9A1E7A4F7556}") = "DDDExample.Infra.Data", "DDDExample.Infra.Data\DDDExample.Infra.Data.csproj", "{B15A0C60-5EC8-4308-908D-D5FB730A2149}"
EndProject
Project("{9A19103F-16F7-4668-BE54-9A1E7A4F7556}") = "DDDExample.Infra.CrossCutting", "DDDExample.Infra.CrossCutting\DDDExample.Infra.CrossCutting.csproj", "{9ADDE126-E1E7-40E1-9B25-C0074B62198C}"
EndProject
Project("{9A19103F-16F7-4668-BE54-9A1E7A4F7556}") = "DDDExample.Domain.Core", "DDDExample.Domain.Core\DDDExample.Domain.Core.csproj", "{77CDA935-967E-4671-82E7-D5A3137C35FC}"
EndProject
Global
	GlobalSection(SolutionConfigurationPlatforms) = preSolution
		Debug|Any CPU = Debug|Any CPU
		Debug|x64 = Debug|x64
		Debug|x86 = Debug|x86
		Release|Any CPU = Release|Any CPU
		Release|x64 = Release|x64
		Release|x86 = Release|x86
	EndGlobalSection
	GlobalSection(ProjectConfigurationPlatforms) = postSolution
		{B47CDDA0-D45E-4086-833B-15CC7D6E8456}.Debug|Any CPU.ActiveCfg = Debug|Any CPU
		{B47CDDA0-D45E-4086-833B-15CC7D6E8456}.Debug|Any CPU.Build.0 = Debug|Any CPU
		{B47CDDA0-D45E-4086-833B-15CC7D6E8456}.Debug|x64.ActiveCfg = Debug|Any CPU
		{B47CDDA0-D45E-4086-833B-15CC7D6E8456}.Debug|x64.Build.0 = Debug|Any CPU
		{B47CDDA0-D45E-4086-833B-15CC7D6E8456}.Debug|x86.ActiveCfg = Debug|Any CPU
		{B47CDDA0-D45E-4086-833B-15CC7D6E8456}.Debug|x86.Build.0 = Debug|Any CPU
		{B47CDDA0-D45E-4086-833B-15CC7D6E8456}.Release|Any CPU.ActiveCfg = Release|Any CPU
		{B47CDDA0-D45E-4086-833B-15CC7D6E8456}.Release|Any CPU.Build.0 = Release|Any CPU
		{B47CDDA0-D45E-4086-833B-15CC7D6E8456}.Release|x64.ActiveCfg = Release|Any CPU
		{B47CDDA0-D45E-4086-833B-15CC7D6E8456}.Release|x64.Build.0 = Release|Any CPU
		{B47CDDA0-D45E-4086-833B-15CC7D6E8456}.Release|x86.ActiveCfg = Release|Any CPU
		{B47CDDA0-D45E-4086-833B-15CC7D6E8456}.Release|x86.Build.0 = Release|Any CPU
		{8455FD44-AC75-4676-859A-78761A1CE0FE}.Debug|Any CPU.ActiveCfg = Debug|Any CPU
		{8455FD44-AC75-4676-859A-78761A1CE0FE}.Debug|Any CPU.Build.0 = Debug|Any CPU
		{8455FD44-AC75-4676-859A-78761A1CE0FE}.Debug|x64.ActiveCfg = Debug|Any CPU
		{8455FD44-AC75-4676-859A-78761A1CE0FE}.Debug|x64.Build.0 = Debug|Any CPU
		{8455FD44-AC75-4676-859A-78761A1CE0FE}.Debug|x86.ActiveCfg = Debug|Any CPU
		{8455FD44-AC75-4676-859A-78761A1CE0FE}.Debug|x86.Build.0 = Debug|Any CPU
		{8455FD44-AC75-4676-859A-78761A1CE0FE}.Release|Any CPU.ActiveCfg = Release|Any CPU
		{8455FD44-AC75-4676-859A-78761A1CE0FE}.Release|Any CPU.Build.0 = Release|Any CPU
		{8455FD44-AC75-4676-859A-78761A1CE0FE}.Release|x64.ActiveCfg = Release|Any CPU
		{8455FD44-AC75-4676-859A-78761A1CE0FE}.Release|x64.Build.0 = Release|Any CPU
		{8455FD44-AC75-4676-859A-78761A1CE0FE}.Release|x86.ActiveCfg = Release|Any CPU
		{8455FD44-AC75-4676-859A-78761A1CE0FE}.Release|x86.Build.0 = Release|Any CPU
		{94A59980-BD5B-4EDA-89B6-D5EAA4A80679}.Debug|Any CPU.ActiveCfg = Debug|Any CPU
		{94A59980-BD5B-4EDA-89B6-D5EAA4A80679}.Debug|Any CPU.Build.0 = Debug|Any CPU
		{94A59980-BD5B-4EDA-89B6-D5EAA4A80679}.Debug|x64.ActiveCfg = Debug|Any CPU
		{94A59980-BD5B-4EDA-89B6-D5EAA4A80679}.Debug|x64.Build.0 = Debug|Any CPU
		{94A59980-BD5B-4EDA-89B6-D5EAA4A80679}.Debug|x86.ActiveCfg = Debug|Any CPU
		{94A59980-BD5B-4EDA-89B6-D5EAA4A80679}.Debug|x86.Build.0 = Debug|Any CPU
		{94A59980-BD5B-4EDA-89B6-D5EAA4A80679}.Release|Any CPU.ActiveCfg = Release|Any CPU
		{94A59980-BD5B-4EDA-89B6-D5EAA4A80679}.Release|Any CPU.Build.0 = Release|Any CPU
		{94A59980-BD5B-4EDA-89B6-D5EAA4A80679}.Release|x64.ActiveCfg = Release|Any CPU
		{94A59980-BD5B-4EDA-89B6-D5EAA4A80679}.Release|x64.Build.0 = Release|Any CPU
		{94A59980-BD5B-4EDA-89B6-D5EAA4A80679}.Release|x86.ActiveCfg = Release|Any CPU
		{94A59980-BD5B-4EDA-89B6-D5EAA4A80679}.Release|x86.Build.0 = Release|Any CPU
		{B15A0C60-5EC8-4308-908D-D5FB730A2149}.Debug|Any CPU.ActiveCfg = Debug|Any CPU
		{B15A0C60-5EC8-4308-908D-D5FB730A2149}.Debug|Any CPU.Build.0 = Debug|Any CPU
		{B15A0C60-5EC8-4308-908D-D5FB730A2149}.Debug|x64.ActiveCfg = Debug|Any CPU
		{B15A0C60-5EC8-4308-908D-D5FB730A2149}.Debug|x64.Build.0 = Debug|Any CPU
		{B15A0C60-5EC8-4308-908D-D5FB730A2149}.Debug|x86.ActiveCfg = Debug|Any CPU
		{B15A0C60-5EC8-4308-908D-D5FB730A2149}.Debug|x86.Build.0 = Debug|Any CPU
		{B15A0C60-5EC8-4308-908D-D5FB730A2149}.Release|Any CPU.ActiveCfg = Release|Any CPU
		{B15A0C60-5EC8-4308-908D-D5FB730A2149}.Release|Any CPU.Build.0 = Release|Any CPU
		{B15A0C60-5EC8-4308-908D-D5FB730A2149}.Release|x64.ActiveCfg = Release|Any CPU
		{B15A0C60-5EC8-4308-908D-D5FB730A2149}.Release|x64.Build.0 = Release|Any CPU
		{B15A0C60-5EC8-4308-908D-D5FB730A2149}.Release|x86.ActiveCfg = Release|Any CPU
		{B15A0C60-5EC8-4308-908D-D5FB730A2149}.Release|x86.Build.0 = Release|Any CPU
		{9ADDE126-E1E7-40E1-9B25-C0074B62198C}.Debug|Any CPU.ActiveCfg = Debug|Any CPU
		{9ADDE126-E1E7-40E1-9B25-C0074B62198C}.Debug|Any CPU.Build.0 = Debug|Any CPU
		{9ADDE126-E1E7-40E1-9B25-C0074B62198C}.Debug|x64.ActiveCfg = Debug|Any CPU
		{9ADDE126-E1E7-40E1-9B25-C0074B62198C}.Debug|x64.Build.0 = Debug|Any CPU
		{9ADDE126-E1E7-40E1-9B25-C0074B62198C}.Debug|x86.ActiveCfg = Debug|Any CPU
		{9ADDE126-E1E7-40E1-9B25-C0074B62198C}.Debug|x86.Build.0 = Debug|Any CPU
		{9ADDE126-E1E7-40E1-9B25-C0074B62198C}.Release|Any CPU.ActiveCfg = Release|Any CPU
		{9ADDE126-E1E7-40E1-9B25-C0074B62198C}.Release|Any CPU.Build.0 = Release|Any CPU
		{9ADDE126-E1E7-40E1-9B25-C0074B62198C}.Release|x64.ActiveCfg = Release|Any CPU
		{9ADDE126-E1E7-40E1-9B25-C0074B62198C}.Release|x64.Build.0 = Release|Any CPU
		{9ADDE126-E1E7-40E1-9B25-C0074B62198C}.Release|x86.ActiveCfg = Release|Any CPU
		{9ADDE126-E1E7-40E1-9B25-C0074B62198C}.Release|x86.Build.0 = Release|Any CPU
		{77CDA935-967E-4671-82E7-D5A3137C35FC}.Debug|Any CPU.ActiveCfg = Debug|Any CPU
		{77CDA935-967E-4671-82E7-D5A3137C35FC}.Debug|Any CPU.Build.0 = Debug|Any CPU
		{77CDA935-967E-4671-82E7-D5A3137C35FC}.Debug|x64.ActiveCfg = Debug|Any CPU
		{77CDA935-967E-4671-82E7-D5A3137C35FC}.Debug|x64.Build.0 = Debug|Any CPU
		{77CDA935-967E-4671-82E7-D5A3137C35FC}.Debug|x86.ActiveCfg = Debug|Any CPU
		{77CDA935-967E-4671-82E7-D5A3137C35FC}.Debug|x86.Build.0 = Debug|Any CPU
		{77CDA935-967E-4671-82E7-D5A3137C35FC}.Release|Any CPU.ActiveCfg = Release|Any CPU
		{77CDA935-967E-4671-82E7-D5A3137C35FC}.Release|Any CPU.Build.0 = Release|Any CPU
		{77CDA935-967E-4671-82E7-D5A3137C35FC}.Release|x64.ActiveCfg = Release|Any CPU
		{77CDA935-967E-4671-82E7-D5A3137C35FC}.Release|x64.Build.0 = Release|Any CPU
		{77CDA935-967E-4671-82E7-D5A3137C35FC}.Release|x86.ActiveCfg = Release|Any CPU
		{77CDA935-967E-4671-82E7-D5A3137C35FC}.Release|x86.Build.0 = Release|Any CPU
	EndGlobalSection
	GlobalSection(SolutionProperties) = preSolution
		HideSolutionNode = FALSE
	EndGlobalSection
	GlobalSection(NestedProjects) = preSolution
		{B47CDDA0-D45E-4086-833B-15CC7D6E8456} = {5B7951E9-E543-4F53-AF51-3475E1F92797}
		{8455FD44-AC75-4676-859A-78761A1CE0FE} = {8DE07CB2-289A-4361-BDBA-E0A9DA243BBA}
		{94A59980-BD5B-4EDA-89B6-D5EAA4A80679} = {5B7951E9-E543-4F53-AF51-3475E1F92797}
		{A5938749-5E35-4B64-ADBA-117C0460D247} = {FD84CBC0-5824-4B81-80D6-07C91A86581D}
		{A9719C10-62BB-46A8-90B3-D12ED69F5C60} = {FD84CBC0-5824-4B81-80D6-07C91A86581D}
		{B15A0C60-5EC8-4308-908D-D5FB730A2149} = {A5938749-5E35-4B64-ADBA-117C0460D247}
		{9ADDE126-E1E7-40E1-9B25-C0074B62198C} = {A9719C10-62BB-46A8-90B3-D12ED69F5C60}
		{77CDA935-967E-4671-82E7-D5A3137C35FC} = {8DE07CB2-289A-4361-BDBA-E0A9DA243BBA}
	EndGlobalSection
	GlobalSection(ExtensibilityGlobals) = postSolution
		SolutionGuid = {64BA16DE-23B2-48BC-A2BE-AC5DCAB83029}
	EndGlobalSection
EndGlobal
